
Microsoft Visual Studio Solution File, Format Version 12.00
# Visual Studio Version 16
VisualStudioVersion = 16.0.29709.97
MinimumVisualStudioVersion = 10.0.40219.1
Project("{FAE04EC0-301F-11D3-BF4B-00C04F79EFBC}") = "FoodRecallEnforcements", "FoodRecallEnforcements.csproj", "{2EB60366-EADF-463F-8D84-EB11C8E8A025}"
EndProject
Global
	GlobalSection(SolutionConfigurationPlatforms) = preSolution
		Debug|Any CPU = Debug|Any CPU
		Release|Any CPU = Release|Any CPU
	EndGlobalSection
	GlobalSection(ProjectConfigurationPlatforms) = postSolution
		{2EB60366-EADF-463F-8D84-EB11C8E8A025}.Debug|Any CPU.ActiveCfg = Debug|Any CPU
		{2EB60366-EADF-463F-8D84-EB11C8E8A025}.Debug|Any CPU.Build.0 = Debug|Any CPU
		{2EB60366-EADF-463F-8D84-EB11C8E8A025}.Release|Any CPU.ActiveCfg = Release|Any CPU
		{2EB60366-EADF-463F-8D84-EB11C8E8A025}.Release|Any CPU.Build.0 = Release|Any CPU
	EndGlobalSection
	GlobalSection(SolutionProperties) = preSolution
		HideSolutionNode = FALSE
	EndGlobalSection
	GlobalSection(ExtensibilityGlobals) = postSolution
		SolutionGuid = {69442F91-BAB5-490D-99DE-9E98001AD9F0}
	EndGlobalSection
EndGlobal
